{
  "name": "vacuum-gripper-ecbpi-authoring",
  "lockfileVersion": 3,
  "requires": true,
  "packages": {
    "": {
      "name": "vacuum-gripper-ecbpi-authoring",
      "dependencies": {
        "three": "0.185.1",
        "three-usd-robot": "0.11.0"
      }
    },
    "node_modules/fflate": {
      "version": "0.8.3",
      "resolved": "https://registry.npmjs.org/fflate/-/fflate-0.8.3.tgz",
      "integrity": "sha512-tbZNuJrLwGUp3zshBtdy4W+ORxZuIh8a5ilyIEQDC5rY1f3U20JMry0Ll3WBzU58EZKsEuJFXhb5gwv8CsPvgA==",
      "license": "MIT"
    },
    "node_modules/three": {
      "version": "0.185.1",
      "resolved": "https://registry.npmjs.org/three/-/three-0.185.1.tgz",
      "integrity": "sha512-5aojFCXKwnjBRZvUnt3WFfEcvUJgkN5LlijRFN95hMy8WVkG4I0QNcJE+OuWvuJ0bOdStrbfXn0pkd6/QyiAlg==",
      "license": "MIT"
    },
    "node_modules/three-usd-robot": {
      "version": "0.11.0",
      "resolved": "https://registry.npmjs.org/three-usd-robot/-/three-usd-robot-0.11.0.tgz",
      "integrity": "sha512-7p+3iTuMeuvOG+hZ7AgpC2PtjrqJw0i8eEjF4c8vAInA3KLzfd8ZIycQ75LPxqFB5mRZO00ybYBQrzcIAfoKvQ==",
      "license": "MIT",
      "dependencies": {
        "fflate": "^0.8.2"
      },
      "engines": {
        "node": ">=18"
      },
      "peerDependencies": {
        "@react-three/fiber": ">=8",
        "react": ">=18",
        "three": ">=0.160.0"
      },
      "peerDependenciesMeta": {
        "@react-three/fiber": {
          "optional": true
        },
        "react": {
          "optional": true
        }
      }
    }
  }
}
